settings_repository=https://android.googlesource.com/platform/packages/apps/Settings
settings_release_tag=android-17.0.0_r1
settings_release_commit=213829fb67f5e070029e0513a088f31bc8f5c1ed
frameworks_base_repository=https://android.googlesource.com/platform/frameworks/base
frameworks_base_release_tag=android-17.0.0_r1
frameworks_base_release_commit=94b4c163b7dfe5ce3607f7bb8456f9573f7de57d
frameworks_base_tree=908a2ce43657451526181a33ee94fc688add3117
manifest_repository=https://android.googlesource.com/platform/manifest
manifest_android_latest_release_commit=ad156f32caaa06dae91c02d443f6a8fe210eaa54
manifest_android17_release_commit=29ace668ae756c7b8917c57abb440f6518844b0c
status=verified
