schema=1
google_material_symbols_repository=https://github.com/google/material-design-icons.git
google_material_symbols_commit=737e3324305806514d7909874fa1818ae1808232
google_material_symbols_license=Apache-2.0

aosp_settings_repository=https://android.googlesource.com/platform/packages/apps/Settings
aosp_settings_release_tag=android-17.0.0_r1
aosp_settings_commit=213829fb67f5e070029e0513a088f31bc8f5c1ed

aosp_frameworks_base_repository=https://android.googlesource.com/platform/frameworks/base
aosp_frameworks_base_release_tag=android-17.0.0_r1
aosp_frameworks_base_commit=94b4c163b7dfe5ce3607f7bb8456f9573f7de57d

aosp_setupdesign_repository=https://android.googlesource.com/platform/external/setupdesign
aosp_setupdesign_release_tag=android-17.0.0_r1
aosp_setupdesign_commit=79dbf5860322236cd02e74e2ca0855591d95195c

policy=coloros_native_first
fallback_order=COLOROS_NATIVE_EXPRESSIVE>AOSP_SETTINGS_OR_SETTINGSLIB>AOSP_SETUPDESIGN>GOOGLE_MATERIAL_SYMBOLS>KEEP_NATIVE
